Microsoft Visual Studio Solution File, Format Version 12.00
# Visual Studio Version 17
VisualStudioVersion = 17.5.2.0
MinimumVisualStudioVersion = 10.0.40219.1
Project("{FAE04EC0-301F-11D3-BF4B-00C04F79EFBC}") = "Day1basics", "Day1basics.csproj", "{4811FD58-DCB9-E929-2CFA-EE45FED81F85}"
EndProject
Global
	GlobalSection(SolutionConfigurationPlatforms) = preSolution
		Debug|Any CPU = Debug|Any CPU
		Release|Any CPU = Release|Any CPU
	EndGlobalSection
	GlobalSection(ProjectConfigurationPlatforms) = postSolution
		{4811FD58-DCB9-E929-2CFA-EE45FED81F85}.Debug|Any CPU.ActiveCfg = Debug|Any CPU
		{4811FD58-DCB9-E929-2CFA-EE45FED81F85}.Debug|Any CPU.Build.0 = Debug|Any CPU
		{4811FD58-DCB9-E929-2CFA-EE45FED81F85}.Release|Any CPU.ActiveCfg = Release|Any CPU
		{4811FD58-DCB9-E929-2CFA-EE45FED81F85}.Release|Any CPU.Build.0 = Release|Any CPU
	EndGlobalSection
	GlobalSection(SolutionProperties) = preSolution
		HideSolutionNode = FALSE
	EndGlobalSection
	GlobalSection(ExtensibilityGlobals) = postSolution
		SolutionGuid = {4FD68911-3722-4024-9BAC-111A7A3ACA36}
	EndGlobalSection
EndGlobal
